
Microsoft Visual Studio Solution File, Format Version 12.00
# Visual Studio Version 17
VisualStudioVersion = 17.2.32516.85
MinimumVisualStudioVersion = 10.0.40219.1
Project("{9A19103F-16F7-4668-BE54-9A1E7A4F7556}") = "Pokemon", "Pokemon\Pokemon.csproj", "{2C5C1D95-D421-482B-BAB0-62A05CC74B23}"
EndProject
Project("{FAE04EC0-301F-11D3-BF4B-00C04F79EFBC}") = "TestPokemon", "TestPokemon\TestPokemon.csproj", "{07259A04-F90A-42EC-928D-845561C2E77A}"
EndProject
Global
	GlobalSection(SolutionConfigurationPlatforms) = preSolution
		Debug|Any CPU = Debug|Any CPU
		Release|Any CPU = Release|Any CPU
	EndGlobalSection
	GlobalSection(ProjectConfigurationPlatforms) = postSolution
		{2C5C1D95-D421-482B-BAB0-62A05CC74B23}.Debug|Any CPU.ActiveCfg = Debug|Any CPU
		{2C5C1D95-D421-482B-BAB0-62A05CC74B23}.Debug|Any CPU.Build.0 = Debug|Any CPU
		{2C5C1D95-D421-482B-BAB0-62A05CC74B23}.Release|Any CPU.ActiveCfg = Release|Any CPU
		{2C5C1D95-D421-482B-BAB0-62A05CC74B23}.Release|Any CPU.Build.0 = Release|Any CPU
		{07259A04-F90A-42EC-928D-845561C2E77A}.Debug|Any CPU.ActiveCfg = Debug|Any CPU
		{07259A04-F90A-42EC-928D-845561C2E77A}.Debug|Any CPU.Build.0 = Debug|Any CPU
		{07259A04-F90A-42EC-928D-845561C2E77A}.Release|Any CPU.ActiveCfg = Release|Any CPU
		{07259A04-F90A-42EC-928D-845561C2E77A}.Release|Any CPU.Build.0 = Release|Any CPU
	EndGlobalSection
	GlobalSection(SolutionProperties) = preSolution
		HideSolutionNode = FALSE
	EndGlobalSection
	GlobalSection(ExtensibilityGlobals) = postSolution
		SolutionGuid = {10750C90-13D9-4BCC-84A2-498CC6DA803D}
	EndGlobalSection
EndGlobal
